
Microsoft Visual Studio Solution File, Format Version 12.00
# Visual Studio Version 17
VisualStudioVersion = 17.7.34024.191
MinimumVisualStudioVersion = 10.0.40219.1
Project("{9A19103F-16F7-4668-BE54-9A1E7A4F7556}") = "Hqub.Lastfm", "src\Hqub.Lastfm\Hqub.Lastfm.csproj", "{D85E0F5F-180C-4FA8-B274-18B47F9866C9}"
EndProject
Project("{9A19103F-16F7-4668-BE54-9A1E7A4F7556}") = "Hqub.Lastfm.Tests", "src\Hqub.Lastfm.Tests\Hqub.Lastfm.Tests.csproj", "{4E904FC5-FFF4-46C5-9A23-561C09CE7C5F}"
EndProject
Project("{9A19103F-16F7-4668-BE54-9A1E7A4F7556}") = "Hqub.Lastfm.Client", "src\Hqub.Lastfm.Client\Hqub.Lastfm.Client.csproj", "{B5F160EE-64C9-4E53-A2C7-0E3F0E060BC1}"
EndProject
Project("{2150E333-8FDC-42A3-9474-1A3956D46DE8}") = "Solution Items", "Solution Items", "{005EEC69-8F90-4F91-A1A5-982F5965D687}"
	ProjectSection(SolutionItems) = preProject
		.github\workflows\dotnet.yml = .github\workflows\dotnet.yml
		README.md = README.md
	EndProjectSection
EndProject
Global
	GlobalSection(SolutionConfigurationPlatforms) = preSolution
		Debug|Any CPU = Debug|Any CPU
		Release|Any CPU = Release|Any CPU
	EndGlobalSection
	GlobalSection(ProjectConfigurationPlatforms) = postSolution
		{D85E0F5F-180C-4FA8-B274-18B47F9866C9}.Debug|Any CPU.ActiveCfg = Debug|Any CPU
		{D85E0F5F-180C-4FA8-B274-18B47F9866C9}.Debug|Any CPU.Build.0 = Debug|Any CPU
		{D85E0F5F-180C-4FA8-B274-18B47F9866C9}.Release|Any CPU.ActiveCfg = Release|Any CPU
		{D85E0F5F-180C-4FA8-B274-18B47F9866C9}.Release|Any CPU.Build.0 = Release|Any CPU
		{4E904FC5-FFF4-46C5-9A23-561C09CE7C5F}.Debug|Any CPU.ActiveCfg = Debug|Any CPU
		{4E904FC5-FFF4-46C5-9A23-561C09CE7C5F}.Release|Any CPU.ActiveCfg = Release|Any CPU
		{B5F160EE-64C9-4E53-A2C7-0E3F0E060BC1}.Debug|Any CPU.ActiveCfg = Debug|Any CPU
		{B5F160EE-64C9-4E53-A2C7-0E3F0E060BC1}.Debug|Any CPU.Build.0 = Debug|Any CPU
		{B5F160EE-64C9-4E53-A2C7-0E3F0E060BC1}.Release|Any CPU.ActiveCfg = Release|Any CPU
		{B5F160EE-64C9-4E53-A2C7-0E3F0E060BC1}.Release|Any CPU.Build.0 = Release|Any CPU
	EndGlobalSection
	GlobalSection(SolutionProperties) = preSolution
		HideSolutionNode = FALSE
	EndGlobalSection
	GlobalSection(ExtensibilityGlobals) = postSolution
		SolutionGuid = {BA4CBABA-D260-431F-A818-BA8B3A62D032}
	EndGlobalSection
EndGlobal
